
Microsoft Visual Studio Solution File, Format Version 12.00
# Visual Studio 14
VisualStudioVersion = 14.0.25420.1
MinimumVisualStudioVersion = 10.0.40219.1
Project("{FAE04EC0-301F-11D3-BF4B-00C04F79EFBC}") = "Vocabulous", "Vocabulous\Vocabulous.csproj", "{43CFFD0F-E9F2-454C-87A8-A9BB1992CEDD}"
EndProject
Project("{FAE04EC0-301F-11D3-BF4B-00C04F79EFBC}") = "Vocabulous.Tests", "Vocabulous.Tests\Vocabulous.Tests.csproj", "{067C6ACC-4A3F-44D5-B0D9-BA85542F7CDD}"
EndProject
Global
	GlobalSection(SolutionConfigurationPlatforms) = preSolution
		Debug|Any CPU = Debug|Any CPU
		Release|Any CPU = Release|Any CPU
	EndGlobalSection
	GlobalSection(ProjectConfigurationPlatforms) = postSolution
		{43CFFD0F-E9F2-454C-87A8-A9BB1992CEDD}.Debug|Any CPU.ActiveCfg = Debug|Any CPU
		{43CFFD0F-E9F2-454C-87A8-A9BB1992CEDD}.Debug|Any CPU.Build.0 = Debug|Any CPU
		{43CFFD0F-E9F2-454C-87A8-A9BB1992CEDD}.Release|Any CPU.ActiveCfg = Release|Any CPU
		{43CFFD0F-E9F2-454C-87A8-A9BB1992CEDD}.Release|Any CPU.Build.0 = Release|Any CPU
		{067C6ACC-4A3F-44D5-B0D9-BA85542F7CDD}.Debug|Any CPU.ActiveCfg = Debug|Any CPU
		{067C6ACC-4A3F-44D5-B0D9-BA85542F7CDD}.Debug|Any CPU.Build.0 = Debug|Any CPU
		{067C6ACC-4A3F-44D5-B0D9-BA85542F7CDD}.Release|Any CPU.ActiveCfg = Release|Any CPU
		{067C6ACC-4A3F-44D5-B0D9-BA85542F7CDD}.Release|Any CPU.Build.0 = Release|Any CPU
	EndGlobalSection
	GlobalSection(SolutionProperties) = preSolution
		HideSolutionNode = FALSE
	EndGlobalSection
EndGlobal
